
Microsoft Visual Studio Solution File, Format Version 12.00
# Visual Studio 15
VisualStudioVersion = 15.0.28307.779
MinimumVisualStudioVersion = 10.0.40219.1
Project("{FAE04EC0-301F-11D3-BF4B-00C04F79EFBC}") = "Account", "Account\Account.csproj", "{88C36630-6C96-445F-ACA5-8C4108D85458}"
EndProject
Global
	GlobalSection(SolutionConfigurationPlatforms) = preSolution
		Debug|Any CPU = Debug|Any CPU
		Release|Any CPU = Release|Any CPU
	EndGlobalSection
	GlobalSection(ProjectConfigurationPlatforms) = postSolution
		{88C36630-6C96-445F-ACA5-8C4108D85458}.Debug|Any CPU.ActiveCfg = Debug|Any CPU
		{88C36630-6C96-445F-ACA5-8C4108D85458}.Debug|Any CPU.Build.0 = Debug|Any CPU
		{88C36630-6C96-445F-ACA5-8C4108D85458}.Release|Any CPU.ActiveCfg = Release|Any CPU
		{88C36630-6C96-445F-ACA5-8C4108D85458}.Release|Any CPU.Build.0 = Release|Any CPU
	EndGlobalSection
	GlobalSection(SolutionProperties) = preSolution
		HideSolutionNode = FALSE
	EndGlobalSection
	GlobalSection(ExtensibilityGlobals) = postSolution
		SolutionGuid = {7DCC0249-DAD1-4C66-8DA3-7C32F0BA0B5B}
	EndGlobalSection
EndGlobal
